
Microsoft Visual Studio Solution File, Format Version 12.00
Project("{FAE04EC0-301F-11D3-BF4B-00C04F79EFBC}") = "Modeler.ConceptualModel", "Conceptual\ConceptualModel\Modeler.ConceptualModel.csproj", "{2BD18EA1-D90F-4676-ACA2-3D104B004848}"
EndProject
Project("{FAE04EC0-301F-11D3-BF4B-00C04F79EFBC}") = "Modeler.Documentation", "Modeler.Documentation\Modeler.Documentation.csproj", "{8BA0C906-7E65-4659-8F63-2DAABBA06F1D}"
EndProject
Project("{FAE04EC0-301F-11D3-BF4B-00C04F79EFBC}") = "Modeler.ConceptualModel.Sample", "Conceptual\Tests\Sample\Modeler.ConceptualModel.Sample.csproj", "{6D92CFB0-4D66-44E4-B50D-A13B04DC6FD6}"
EndProject
Project("{FAE04EC0-301F-11D3-BF4B-00C04F79EFBC}") = "Modeler.ConceptualModel.UnitTests", "Conceptual\Tests\UnitTests\Modeler.ConceptualModel.UnitTests.csproj", "{78F86FDF-1E9B-436E-A6D7-3D835E47FE49}"
EndProject
Project("{FAE04EC0-301F-11D3-BF4B-00C04F79EFBC}") = "Modeler.ConceptualModel.Views.PlantUml", "Conceptual\Views\PlantUml\Modeler.ConceptualModel.Views.PlantUml.csproj", "{24DFB9FC-604A-4ED7-9EE8-4DBB5A736ADA}"
EndProject
Project("{FAE04EC0-301F-11D3-BF4B-00C04F79EFBC}") = "Modeler.ConceptualModel.Views.Mermaid", "Conceptual\Views\Mermaid\Modeler.ConceptualModel.Views.Mermaid.csproj", "{D4AD66AB-BC94-4B1A-B476-3B2C29211806}"
EndProject
Project("{FAE04EC0-301F-11D3-BF4B-00C04F79EFBC}") = "Modeler.ConceptualModel.Views.Shared", "Conceptual\Views\Shared\Modeler.ConceptualModel.Views.Shared.csproj", "{A21745CD-21DF-48A3-9CF1-7BE0314A9DEB}"
EndProject
Project("{FAE04EC0-301F-11D3-BF4B-00C04F79EFBC}") = "Modeler.ConceptualModel.Views.AsciiDoc", "Conceptual\Views\AsciiDoc\Modeler.ConceptualModel.Views.AsciiDoc.csproj", "{B11CFAE9-DF53-484A-94AA-FF6AFDD8851B}"
EndProject
Project("{2150E333-8FDC-42A3-9474-1A3956D46DE8}") = "Conceptual", "Conceptual", "{2F8FCD8A-040B-41CA-AC74-310512C691EF}"
EndProject
Project("{2150E333-8FDC-42A3-9474-1A3956D46DE8}") = "Tests", "Tests", "{6AFF374D-C870-43E2-98E2-A63F42D0983E}"
EndProject
Project("{2150E333-8FDC-42A3-9474-1A3956D46DE8}") = "Views", "Views", "{A2350489-B216-451D-9EA4-7B8BC0F99175}"
EndProject
Project("{FAE04EC0-301F-11D3-BF4B-00C04F79EFBC}") = "Modeler.DataModel", "Modeler.DataModel\Modeler.DataModel.csproj", "{56C7907E-A2D7-4C46-A17C-3351FD51D0AF}"
EndProject
Project("{2150E333-8FDC-42A3-9474-1A3956D46DE8}") = "Data", "Data", "{0E838D53-18C4-42B5-B3E9-74A11810E51A}"
EndProject
Project("{FAE04EC0-301F-11D3-BF4B-00C04F79EFBC}") = "Modeler.DataModel.Tests.Sample", "Modeler.DataModel.Tests.Sample\Modeler.DataModel.Tests.Sample.csproj", "{E7250F49-2E56-4C15-9814-C18A276D2220}"
EndProject
Project("{2150E333-8FDC-42A3-9474-1A3956D46DE8}") = "Tests", "Tests", "{F0B72B37-752A-4C2A-91F8-7B6B05E2C813}"
EndProject
Project("{FAE04EC0-301F-11D3-BF4B-00C04F79EFBC}") = "Modeler.DataModel.UnitTests", "Modeler.DataModel.UnitTests\Modeler.DataModel.UnitTests.csproj", "{A40E3D92-2A00-4866-B1F1-E0082E8EC1EF}"
EndProject
Project("{2150E333-8FDC-42A3-9474-1A3956D46DE8}") = "Views", "Views", "{5DB7D157-806A-444F-B5A5-63DEC9510D05}"
EndProject
Project("{FAE04EC0-301F-11D3-BF4B-00C04F79EFBC}") = "Modeler.DataModel.PostgreSQL.Views", "Modeler.DataModel.PostgreSQL.Views\Modeler.DataModel.PostgreSQL.Views.csproj", "{A0A85E5E-788E-4CFB-A179-B7BBB1F204C2}"
EndProject
Project("{FAE04EC0-301F-11D3-BF4B-00C04F79EFBC}") = "Modeler.CLI", "Modeler.CLI\Modeler.CLI.csproj", "{CF544142-5341-45FE-AE9B-AFCCC44DB92D}"
EndProject
Global
	GlobalSection(SolutionConfigurationPlatforms) = preSolution
		Debug|Any CPU = Debug|Any CPU
		Release|Any CPU = Release|Any CPU
	EndGlobalSection
	GlobalSection(ProjectConfigurationPlatforms) = postSolution
		{2BD18EA1-D90F-4676-ACA2-3D104B004848}.Debug|Any CPU.ActiveCfg = Debug|Any CPU
		{2BD18EA1-D90F-4676-ACA2-3D104B004848}.Debug|Any CPU.Build.0 = Debug|Any CPU
		{2BD18EA1-D90F-4676-ACA2-3D104B004848}.Release|Any CPU.ActiveCfg = Release|Any CPU
		{2BD18EA1-D90F-4676-ACA2-3D104B004848}.Release|Any CPU.Build.0 = Release|Any CPU
		{8BA0C906-7E65-4659-8F63-2DAABBA06F1D}.Debug|Any CPU.ActiveCfg = Debug|Any CPU
		{8BA0C906-7E65-4659-8F63-2DAABBA06F1D}.Debug|Any CPU.Build.0 = Debug|Any CPU
		{8BA0C906-7E65-4659-8F63-2DAABBA06F1D}.Release|Any CPU.ActiveCfg = Release|Any CPU
		{8BA0C906-7E65-4659-8F63-2DAABBA06F1D}.Release|Any CPU.Build.0 = Release|Any CPU
		{6D92CFB0-4D66-44E4-B50D-A13B04DC6FD6}.Debug|Any CPU.ActiveCfg = Debug|Any CPU
		{6D92CFB0-4D66-44E4-B50D-A13B04DC6FD6}.Debug|Any CPU.Build.0 = Debug|Any CPU
		{6D92CFB0-4D66-44E4-B50D-A13B04DC6FD6}.Release|Any CPU.ActiveCfg = Release|Any CPU
		{6D92CFB0-4D66-44E4-B50D-A13B04DC6FD6}.Release|Any CPU.Build.0 = Release|Any CPU
		{78F86FDF-1E9B-436E-A6D7-3D835E47FE49}.Debug|Any CPU.ActiveCfg = Debug|Any CPU
		{78F86FDF-1E9B-436E-A6D7-3D835E47FE49}.Debug|Any CPU.Build.0 = Debug|Any CPU
		{78F86FDF-1E9B-436E-A6D7-3D835E47FE49}.Release|Any CPU.ActiveCfg = Release|Any CPU
		{78F86FDF-1E9B-436E-A6D7-3D835E47FE49}.Release|Any CPU.Build.0 = Release|Any CPU
		{24DFB9FC-604A-4ED7-9EE8-4DBB5A736ADA}.Debug|Any CPU.ActiveCfg = Debug|Any CPU
		{24DFB9FC-604A-4ED7-9EE8-4DBB5A736ADA}.Debug|Any CPU.Build.0 = Debug|Any CPU
		{24DFB9FC-604A-4ED7-9EE8-4DBB5A736ADA}.Release|Any CPU.ActiveCfg = Release|Any CPU
		{24DFB9FC-604A-4ED7-9EE8-4DBB5A736ADA}.Release|Any CPU.Build.0 = Release|Any CPU
		{D4AD66AB-BC94-4B1A-B476-3B2C29211806}.Debug|Any CPU.ActiveCfg = Debug|Any CPU
		{D4AD66AB-BC94-4B1A-B476-3B2C29211806}.Debug|Any CPU.Build.0 = Debug|Any CPU
		{D4AD66AB-BC94-4B1A-B476-3B2C29211806}.Release|Any CPU.ActiveCfg = Release|Any CPU
		{D4AD66AB-BC94-4B1A-B476-3B2C29211806}.Release|Any CPU.Build.0 = Release|Any CPU
		{A21745CD-21DF-48A3-9CF1-7BE0314A9DEB}.Debug|Any CPU.ActiveCfg = Debug|Any CPU
		{A21745CD-21DF-48A3-9CF1-7BE0314A9DEB}.Debug|Any CPU.Build.0 = Debug|Any CPU
		{A21745CD-21DF-48A3-9CF1-7BE0314A9DEB}.Release|Any CPU.ActiveCfg = Release|Any CPU
		{A21745CD-21DF-48A3-9CF1-7BE0314A9DEB}.Release|Any CPU.Build.0 = Release|Any CPU
		{B11CFAE9-DF53-484A-94AA-FF6AFDD8851B}.Debug|Any CPU.ActiveCfg = Debug|Any CPU
		{B11CFAE9-DF53-484A-94AA-FF6AFDD8851B}.Debug|Any CPU.Build.0 = Debug|Any CPU
		{B11CFAE9-DF53-484A-94AA-FF6AFDD8851B}.Release|Any CPU.ActiveCfg = Release|Any CPU
		{B11CFAE9-DF53-484A-94AA-FF6AFDD8851B}.Release|Any CPU.Build.0 = Release|Any CPU
		{56C7907E-A2D7-4C46-A17C-3351FD51D0AF}.Debug|Any CPU.ActiveCfg = Debug|Any CPU
		{56C7907E-A2D7-4C46-A17C-3351FD51D0AF}.Debug|Any CPU.Build.0 = Debug|Any CPU
		{56C7907E-A2D7-4C46-A17C-3351FD51D0AF}.Release|Any CPU.ActiveCfg = Release|Any CPU
		{56C7907E-A2D7-4C46-A17C-3351FD51D0AF}.Release|Any CPU.Build.0 = Release|Any CPU
		{E7250F49-2E56-4C15-9814-C18A276D2220}.Debug|Any CPU.ActiveCfg = Debug|Any CPU
		{E7250F49-2E56-4C15-9814-C18A276D2220}.Debug|Any CPU.Build.0 = Debug|Any CPU
		{E7250F49-2E56-4C15-9814-C18A276D2220}.Release|Any CPU.ActiveCfg = Release|Any CPU
		{E7250F49-2E56-4C15-9814-C18A276D2220}.Release|Any CPU.Build.0 = Release|Any CPU
		{A40E3D92-2A00-4866-B1F1-E0082E8EC1EF}.Debug|Any CPU.ActiveCfg = Debug|Any CPU
		{A40E3D92-2A00-4866-B1F1-E0082E8EC1EF}.Debug|Any CPU.Build.0 = Debug|Any CPU
		{A40E3D92-2A00-4866-B1F1-E0082E8EC1EF}.Release|Any CPU.ActiveCfg = Release|Any CPU
		{A40E3D92-2A00-4866-B1F1-E0082E8EC1EF}.Release|Any CPU.Build.0 = Release|Any CPU
		{A0A85E5E-788E-4CFB-A179-B7BBB1F204C2}.Debug|Any CPU.ActiveCfg = Debug|Any CPU
		{A0A85E5E-788E-4CFB-A179-B7BBB1F204C2}.Debug|Any CPU.Build.0 = Debug|Any CPU
		{A0A85E5E-788E-4CFB-A179-B7BBB1F204C2}.Release|Any CPU.ActiveCfg = Release|Any CPU
		{A0A85E5E-788E-4CFB-A179-B7BBB1F204C2}.Release|Any CPU.Build.0 = Release|Any CPU
		{CF544142-5341-45FE-AE9B-AFCCC44DB92D}.Debug|Any CPU.ActiveCfg = Debug|Any CPU
		{CF544142-5341-45FE-AE9B-AFCCC44DB92D}.Debug|Any CPU.Build.0 = Debug|Any CPU
		{CF544142-5341-45FE-AE9B-AFCCC44DB92D}.Release|Any CPU.ActiveCfg = Release|Any CPU
		{CF544142-5341-45FE-AE9B-AFCCC44DB92D}.Release|Any CPU.Build.0 = Release|Any CPU
	EndGlobalSection
	GlobalSection(NestedProjects) = preSolution
		{6AFF374D-C870-43E2-98E2-A63F42D0983E} = {2F8FCD8A-040B-41CA-AC74-310512C691EF}
		{A2350489-B216-451D-9EA4-7B8BC0F99175} = {2F8FCD8A-040B-41CA-AC74-310512C691EF}
		{78F86FDF-1E9B-436E-A6D7-3D835E47FE49} = {6AFF374D-C870-43E2-98E2-A63F42D0983E}
		{6D92CFB0-4D66-44E4-B50D-A13B04DC6FD6} = {6AFF374D-C870-43E2-98E2-A63F42D0983E}
		{B11CFAE9-DF53-484A-94AA-FF6AFDD8851B} = {A2350489-B216-451D-9EA4-7B8BC0F99175}
		{D4AD66AB-BC94-4B1A-B476-3B2C29211806} = {A2350489-B216-451D-9EA4-7B8BC0F99175}
		{24DFB9FC-604A-4ED7-9EE8-4DBB5A736ADA} = {A2350489-B216-451D-9EA4-7B8BC0F99175}
		{A21745CD-21DF-48A3-9CF1-7BE0314A9DEB} = {A2350489-B216-451D-9EA4-7B8BC0F99175}
		{2BD18EA1-D90F-4676-ACA2-3D104B004848} = {2F8FCD8A-040B-41CA-AC74-310512C691EF}
		{56C7907E-A2D7-4C46-A17C-3351FD51D0AF} = {0E838D53-18C4-42B5-B3E9-74A11810E51A}
		{F0B72B37-752A-4C2A-91F8-7B6B05E2C813} = {0E838D53-18C4-42B5-B3E9-74A11810E51A}
		{E7250F49-2E56-4C15-9814-C18A276D2220} = {F0B72B37-752A-4C2A-91F8-7B6B05E2C813}
		{A40E3D92-2A00-4866-B1F1-E0082E8EC1EF} = {F0B72B37-752A-4C2A-91F8-7B6B05E2C813}
		{5DB7D157-806A-444F-B5A5-63DEC9510D05} = {0E838D53-18C4-42B5-B3E9-74A11810E51A}
		{A0A85E5E-788E-4CFB-A179-B7BBB1F204C2} = {5DB7D157-806A-444F-B5A5-63DEC9510D05}
	EndGlobalSection
EndGlobal
